{
  "requires": true,
  "lockfileVersion": 1,
  "dependencies": {
    "hammerjs": {
      "version": "2.0.8",
      "resolved": "https://registry.npmjs.org/hammerjs/-/hammerjs-2.0.8.tgz",
      "integrity": "sha1-BO93hiz/K7edMPdpIJWTAiK/YPE="
    },
    "material": {
      "version": "0.4.1",
      "resolved": "https://registry.npmjs.org/material/-/material-0.4.1.tgz",
      "integrity": "sha512-Ll/q/JE0wOP3bhh77XEryfXxsT8qinqB62wdR0N8lnLLbdHNuxd2XuqvlCxWoWw4O5K14AefEHaDgKgx5DT2RA=="
    }
  }
}
